
Microsoft Visual Studio Solution File, Format Version 12.00
# Visual Studio 15
Project("{FAE04EC0-301F-11D3-BF4B-00C04F79EFBC}") = "SharedCode", "SharedCode.csproj", "{B66A8CED-C612-F4B9-0310-309D99F13AF6}"
EndProject
Project("{FAE04EC0-301F-11D3-BF4B-00C04F79EFBC}") = "Assembly-CSharp", "Assembly-CSharp.csproj", "{FE202A26-BDFB-27B5-0F4A-A0B531A59CE1}"
EndProject
Global
	GlobalSection(SolutionConfigurationPlatforms) = preSolution
		Debug|Any CPU = Debug|Any CPU
		Release|Any CPU = Release|Any CPU
	EndGlobalSection
	GlobalSection(ProjectConfigurationPlatforms) = postSolution
		{B66A8CED-C612-F4B9-0310-309D99F13AF6}.Debug|Any CPU.ActiveCfg = Debug|Any CPU
		{B66A8CED-C612-F4B9-0310-309D99F13AF6}.Debug|Any CPU.Build.0 = Debug|Any CPU
		{B66A8CED-C612-F4B9-0310-309D99F13AF6}.Release|Any CPU.ActiveCfg = Release|Any CPU
		{B66A8CED-C612-F4B9-0310-309D99F13AF6}.Release|Any CPU.Build.0 = Release|Any CPU
		{FE202A26-BDFB-27B5-0F4A-A0B531A59CE1}.Debug|Any CPU.ActiveCfg = Debug|Any CPU
		{FE202A26-BDFB-27B5-0F4A-A0B531A59CE1}.Debug|Any CPU.Build.0 = Debug|Any CPU
		{FE202A26-BDFB-27B5-0F4A-A0B531A59CE1}.Release|Any CPU.ActiveCfg = Release|Any CPU
		{FE202A26-BDFB-27B5-0F4A-A0B531A59CE1}.Release|Any CPU.Build.0 = Release|Any CPU
	EndGlobalSection
	GlobalSection(SolutionProperties) = preSolution
		HideSolutionNode = FALSE
	EndGlobalSection
EndGlobal
