
Microsoft Visual Studio Solution File, Format Version 12.00
# Visual Studio 15
Project("{FAE04EC0-301F-11D3-BF4B-00C04F79EFBC}") = "EasyButtons.Editor", "EasyButtons.Editor.csproj", "{930EF52E-3099-C653-FC34-9AC294998673}"
EndProject
Project("{FAE04EC0-301F-11D3-BF4B-00C04F79EFBC}") = "Configurations", "Configurations.csproj", "{86C7D9ED-D8E8-6D0F-E409-152944CD6F72}"
EndProject
Project("{FAE04EC0-301F-11D3-BF4B-00C04F79EFBC}") = "Tyrants.SceneManagement", "Tyrants.SceneManagement.csproj", "{7016E174-3FEB-8D3F-A7E8-1AC83D7F1669}"
EndProject
Project("{FAE04EC0-301F-11D3-BF4B-00C04F79EFBC}") = "Sound.UI", "Sound.UI.csproj", "{CDAE43DD-1ECB-2235-328F-66304E760396}"
EndProject
Project("{FAE04EC0-301F-11D3-BF4B-00C04F79EFBC}") = "Utils", "Utils.csproj", "{EEACDE96-8666-1646-2D31-CE68A8975784}"
EndProject
Project("{FAE04EC0-301F-11D3-BF4B-00C04F79EFBC}") = "DebugPanel", "DebugPanel.csproj", "{B3FB101A-71DA-DEDB-A652-D691ADC84447}"
EndProject
Project("{FAE04EC0-301F-11D3-BF4B-00C04F79EFBC}") = "CastleWars.Shared", "CastleWars.Shared.csproj", "{E8E51803-1751-AB35-9D5C-F7612B261486}"
EndProject
Project("{FAE04EC0-301F-11D3-BF4B-00C04F79EFBC}") = "Configurations.Model", "Configurations.Model.csproj", "{5B73EBB6-6787-C168-6238-FB839C0D2723}"
EndProject
Project("{FAE04EC0-301F-11D3-BF4B-00C04F79EFBC}") = "Sound.Editor", "Sound.Editor.csproj", "{BD4C13F1-C4A7-EAC4-B717-8AFB605BEEC6}"
EndProject
Project("{FAE04EC0-301F-11D3-BF4B-00C04F79EFBC}") = "Sound", "Sound.csproj", "{7F1EAD34-E7C9-FD93-C036-E20A0813E75F}"
EndProject
Project("{FAE04EC0-301F-11D3-BF4B-00C04F79EFBC}") = "EasyButtons", "EasyButtons.csproj", "{A14E0742-849F-D05E-E4D8-57FD3CFC5119}"
EndProject
Project("{FAE04EC0-301F-11D3-BF4B-00C04F79EFBC}") = "CastleWars.Client", "CastleWars.Client.csproj", "{D3034C2D-2B2D-AB3F-AF04-B63660C557EB}"
EndProject
Global
	GlobalSection(SolutionConfigurationPlatforms) = preSolution
		Debug|Any CPU = Debug|Any CPU
		Release|Any CPU = Release|Any CPU
	EndGlobalSection
	GlobalSection(ProjectConfigurationPlatforms) = postSolution
		{930EF52E-3099-C653-FC34-9AC294998673}.Debug|Any CPU.ActiveCfg = Debug|Any CPU
		{930EF52E-3099-C653-FC34-9AC294998673}.Debug|Any CPU.Build.0 = Debug|Any CPU
		{930EF52E-3099-C653-FC34-9AC294998673}.Release|Any CPU.ActiveCfg = Release|Any CPU
		{930EF52E-3099-C653-FC34-9AC294998673}.Release|Any CPU.Build.0 = Release|Any CPU
		{86C7D9ED-D8E8-6D0F-E409-152944CD6F72}.Debug|Any CPU.ActiveCfg = Debug|Any CPU
		{86C7D9ED-D8E8-6D0F-E409-152944CD6F72}.Debug|Any CPU.Build.0 = Debug|Any CPU
		{86C7D9ED-D8E8-6D0F-E409-152944CD6F72}.Release|Any CPU.ActiveCfg = Release|Any CPU
		{86C7D9ED-D8E8-6D0F-E409-152944CD6F72}.Release|Any CPU.Build.0 = Release|Any CPU
		{7016E174-3FEB-8D3F-A7E8-1AC83D7F1669}.Debug|Any CPU.ActiveCfg = Debug|Any CPU
		{7016E174-3FEB-8D3F-A7E8-1AC83D7F1669}.Debug|Any CPU.Build.0 = Debug|Any CPU
		{7016E174-3FEB-8D3F-A7E8-1AC83D7F1669}.Release|Any CPU.ActiveCfg = Release|Any CPU
		{7016E174-3FEB-8D3F-A7E8-1AC83D7F1669}.Release|Any CPU.Build.0 = Release|Any CPU
		{CDAE43DD-1ECB-2235-328F-66304E760396}.Debug|Any CPU.ActiveCfg = Debug|Any CPU
		{CDAE43DD-1ECB-2235-328F-66304E760396}.Debug|Any CPU.Build.0 = Debug|Any CPU
		{CDAE43DD-1ECB-2235-328F-66304E760396}.Release|Any CPU.ActiveCfg = Release|Any CPU
		{CDAE43DD-1ECB-2235-328F-66304E760396}.Release|Any CPU.Build.0 = Release|Any CPU
		{EEACDE96-8666-1646-2D31-CE68A8975784}.Debug|Any CPU.ActiveCfg = Debug|Any CPU
		{EEACDE96-8666-1646-2D31-CE68A8975784}.Debug|Any CPU.Build.0 = Debug|Any CPU
		{EEACDE96-8666-1646-2D31-CE68A8975784}.Release|Any CPU.ActiveCfg = Release|Any CPU
		{EEACDE96-8666-1646-2D31-CE68A8975784}.Release|Any CPU.Build.0 = Release|Any CPU
		{B3FB101A-71DA-DEDB-A652-D691ADC84447}.Debug|Any CPU.ActiveCfg = Debug|Any CPU
		{B3FB101A-71DA-DEDB-A652-D691ADC84447}.Debug|Any CPU.Build.0 = Debug|Any CPU
		{B3FB101A-71DA-DEDB-A652-D691ADC84447}.Release|Any CPU.ActiveCfg = Release|Any CPU
		{B3FB101A-71DA-DEDB-A652-D691ADC84447}.Release|Any CPU.Build.0 = Release|Any CPU
		{E8E51803-1751-AB35-9D5C-F7612B261486}.Debug|Any CPU.ActiveCfg = Debug|Any CPU
		{E8E51803-1751-AB35-9D5C-F7612B261486}.Debug|Any CPU.Build.0 = Debug|Any CPU
		{E8E51803-1751-AB35-9D5C-F7612B261486}.Release|Any CPU.ActiveCfg = Release|Any CPU
		{E8E51803-1751-AB35-9D5C-F7612B261486}.Release|Any CPU.Build.0 = Release|Any CPU
		{5B73EBB6-6787-C168-6238-FB839C0D2723}.Debug|Any CPU.ActiveCfg = Debug|Any CPU
		{5B73EBB6-6787-C168-6238-FB839C0D2723}.Debug|Any CPU.Build.0 = Debug|Any CPU
		{5B73EBB6-6787-C168-6238-FB839C0D2723}.Release|Any CPU.ActiveCfg = Release|Any CPU
		{5B73EBB6-6787-C168-6238-FB839C0D2723}.Release|Any CPU.Build.0 = Release|Any CPU
		{BD4C13F1-C4A7-EAC4-B717-8AFB605BEEC6}.Debug|Any CPU.ActiveCfg = Debug|Any CPU
		{BD4C13F1-C4A7-EAC4-B717-8AFB605BEEC6}.Debug|Any CPU.Build.0 = Debug|Any CPU
		{BD4C13F1-C4A7-EAC4-B717-8AFB605BEEC6}.Release|Any CPU.ActiveCfg = Release|Any CPU
		{BD4C13F1-C4A7-EAC4-B717-8AFB605BEEC6}.Release|Any CPU.Build.0 = Release|Any CPU
		{7F1EAD34-E7C9-FD93-C036-E20A0813E75F}.Debug|Any CPU.ActiveCfg = Debug|Any CPU
		{7F1EAD34-E7C9-FD93-C036-E20A0813E75F}.Debug|Any CPU.Build.0 = Debug|Any CPU
		{7F1EAD34-E7C9-FD93-C036-E20A0813E75F}.Release|Any CPU.ActiveCfg = Release|Any CPU
		{7F1EAD34-E7C9-FD93-C036-E20A0813E75F}.Release|Any CPU.Build.0 = Release|Any CPU
		{A14E0742-849F-D05E-E4D8-57FD3CFC5119}.Debug|Any CPU.ActiveCfg = Debug|Any CPU
		{A14E0742-849F-D05E-E4D8-57FD3CFC5119}.Debug|Any CPU.Build.0 = Debug|Any CPU
		{A14E0742-849F-D05E-E4D8-57FD3CFC5119}.Release|Any CPU.ActiveCfg = Release|Any CPU
		{A14E0742-849F-D05E-E4D8-57FD3CFC5119}.Release|Any CPU.Build.0 = Release|Any CPU
		{D3034C2D-2B2D-AB3F-AF04-B63660C557EB}.Debug|Any CPU.ActiveCfg = Debug|Any CPU
		{D3034C2D-2B2D-AB3F-AF04-B63660C557EB}.Debug|Any CPU.Build.0 = Debug|Any CPU
		{D3034C2D-2B2D-AB3F-AF04-B63660C557EB}.Release|Any CPU.ActiveCfg = Release|Any CPU
		{D3034C2D-2B2D-AB3F-AF04-B63660C557EB}.Release|Any CPU.Build.0 = Release|Any CPU
	EndGlobalSection
	GlobalSection(SolutionProperties) = preSolution
		HideSolutionNode = FALSE
	EndGlobalSection
EndGlobal
