
Microsoft Visual Studio Solution File, Format Version 11.00
# Visual Studio 2010
Project("{FAE04EC0-301F-11D3-BF4B-00C04F79EFBC}") = "EasyButtons.Editor", "EasyButtons.Editor.csproj", "{2ef50e93-9930-53c6-fc34-9ac294998673}"
EndProject
Project("{FAE04EC0-301F-11D3-BF4B-00C04F79EFBC}") = "Configurations", "Configurations.csproj", "{edd9c786-e8d8-0f6d-e409-152944cd6f72}"
EndProject
Project("{FAE04EC0-301F-11D3-BF4B-00C04F79EFBC}") = "Tyrants.SceneManagement", "Tyrants.SceneManagement.csproj", "{74e11670-eb3f-3f8d-a7e8-1ac83d7f1669}"
EndProject
Project("{FAE04EC0-301F-11D3-BF4B-00C04F79EFBC}") = "Sound.UI", "Sound.UI.csproj", "{dd43aecd-cb1e-3522-328f-66304e760396}"
EndProject
Project("{FAE04EC0-301F-11D3-BF4B-00C04F79EFBC}") = "Utils", "Utils.csproj", "{96deacee-6686-4616-2d31-ce68a8975784}"
EndProject
Project("{FAE04EC0-301F-11D3-BF4B-00C04F79EFBC}") = "DebugPanel", "DebugPanel.csproj", "{1a10fbb3-da71-dbde-a652-d691adc84447}"
EndProject
Project("{FAE04EC0-301F-11D3-BF4B-00C04F79EFBC}") = "CastleWars.Shared", "CastleWars.Shared.csproj", "{0318e5e8-5117-35ab-9d5c-f7612b261486}"
EndProject
Project("{FAE04EC0-301F-11D3-BF4B-00C04F79EFBC}") = "Configurations.Model", "Configurations.Model.csproj", "{b6eb735b-8767-68c1-6238-fb839c0d2723}"
EndProject
Project("{FAE04EC0-301F-11D3-BF4B-00C04F79EFBC}") = "Sound.Editor", "Sound.Editor.csproj", "{f1134cbd-a7c4-c4ea-b717-8afb605beec6}"
EndProject
Project("{FAE04EC0-301F-11D3-BF4B-00C04F79EFBC}") = "Sound", "Sound.csproj", "{34ad1e7f-c9e7-93fd-c036-e20a0813e75f}"
EndProject
Project("{FAE04EC0-301F-11D3-BF4B-00C04F79EFBC}") = "EasyButtons", "EasyButtons.csproj", "{42074ea1-9f84-5ed0-e4d8-57fd3cfc5119}"
EndProject
Project("{FAE04EC0-301F-11D3-BF4B-00C04F79EFBC}") = "CastleWars.Client", "CastleWars.Client.csproj", "{2d4c03d3-2d2b-3fab-af04-b63660c557eb}"
EndProject
Project("{FAE04EC0-301F-11D3-BF4B-00C04F79EFBC}") = "Assembly-CSharp", "Assembly-CSharp.csproj", "{262a20fe-fbbd-b527-0f4a-a0b531a59ce1}"
EndProject
Global
	GlobalSection(SolutionConfigurationPlatforms) = preSolution
		Debug|Any CPU = Debug|Any CPU
	EndGlobalSection
	GlobalSection(ProjectConfigurationPlatforms) = postSolution
		{2ef50e93-9930-53c6-fc34-9ac294998673}.Debug|Any CPU.ActiveCfg = Debug|Any CPU
		{2ef50e93-9930-53c6-fc34-9ac294998673}.Debug|Any CPU.Build.0 = Debug|Any CPU
		{edd9c786-e8d8-0f6d-e409-152944cd6f72}.Debug|Any CPU.ActiveCfg = Debug|Any CPU
		{edd9c786-e8d8-0f6d-e409-152944cd6f72}.Debug|Any CPU.Build.0 = Debug|Any CPU
		{74e11670-eb3f-3f8d-a7e8-1ac83d7f1669}.Debug|Any CPU.ActiveCfg = Debug|Any CPU
		{74e11670-eb3f-3f8d-a7e8-1ac83d7f1669}.Debug|Any CPU.Build.0 = Debug|Any CPU
		{dd43aecd-cb1e-3522-328f-66304e760396}.Debug|Any CPU.ActiveCfg = Debug|Any CPU
		{dd43aecd-cb1e-3522-328f-66304e760396}.Debug|Any CPU.Build.0 = Debug|Any CPU
		{96deacee-6686-4616-2d31-ce68a8975784}.Debug|Any CPU.ActiveCfg = Debug|Any CPU
		{96deacee-6686-4616-2d31-ce68a8975784}.Debug|Any CPU.Build.0 = Debug|Any CPU
		{1a10fbb3-da71-dbde-a652-d691adc84447}.Debug|Any CPU.ActiveCfg = Debug|Any CPU
		{1a10fbb3-da71-dbde-a652-d691adc84447}.Debug|Any CPU.Build.0 = Debug|Any CPU
		{0318e5e8-5117-35ab-9d5c-f7612b261486}.Debug|Any CPU.ActiveCfg = Debug|Any CPU
		{0318e5e8-5117-35ab-9d5c-f7612b261486}.Debug|Any CPU.Build.0 = Debug|Any CPU
		{b6eb735b-8767-68c1-6238-fb839c0d2723}.Debug|Any CPU.ActiveCfg = Debug|Any CPU
		{b6eb735b-8767-68c1-6238-fb839c0d2723}.Debug|Any CPU.Build.0 = Debug|Any CPU
		{f1134cbd-a7c4-c4ea-b717-8afb605beec6}.Debug|Any CPU.ActiveCfg = Debug|Any CPU
		{f1134cbd-a7c4-c4ea-b717-8afb605beec6}.Debug|Any CPU.Build.0 = Debug|Any CPU
		{34ad1e7f-c9e7-93fd-c036-e20a0813e75f}.Debug|Any CPU.ActiveCfg = Debug|Any CPU
		{34ad1e7f-c9e7-93fd-c036-e20a0813e75f}.Debug|Any CPU.Build.0 = Debug|Any CPU
		{42074ea1-9f84-5ed0-e4d8-57fd3cfc5119}.Debug|Any CPU.ActiveCfg = Debug|Any CPU
		{42074ea1-9f84-5ed0-e4d8-57fd3cfc5119}.Debug|Any CPU.Build.0 = Debug|Any CPU
		{2d4c03d3-2d2b-3fab-af04-b63660c557eb}.Debug|Any CPU.ActiveCfg = Debug|Any CPU
		{2d4c03d3-2d2b-3fab-af04-b63660c557eb}.Debug|Any CPU.Build.0 = Debug|Any CPU
		{262a20fe-fbbd-b527-0f4a-a0b531a59ce1}.Debug|Any CPU.ActiveCfg = Debug|Any CPU
		{262a20fe-fbbd-b527-0f4a-a0b531a59ce1}.Debug|Any CPU.Build.0 = Debug|Any CPU
	EndGlobalSection
	GlobalSection(SolutionProperties) = preSolution
		HideSolutionNode = FALSE
	EndGlobalSection
EndGlobal
